
Microsoft Visual Studio Solution File, Format Version 12.00
# Visual Studio Version 16
VisualStudioVersion = 16.0.30804.86
MinimumVisualStudioVersion = 10.0.40219.1
Project("{FAE04EC0-301F-11D3-BF4B-00C04F79EFBC}") = "LINQ count operatorZdruzivanja", "LINQ count operatorZdruzivanja\LINQ count operatorZdruzivanja.csproj", "{B8729C42-C662-4CA8-8E3A-C99F79992B6D}"
EndProject
Global
	GlobalSection(SolutionConfigurationPlatforms) = preSolution
		Debug|Any CPU = Debug|Any CPU
		Release|Any CPU = Release|Any CPU
	EndGlobalSection
	GlobalSection(ProjectConfigurationPlatforms) = postSolution
		{B8729C42-C662-4CA8-8E3A-C99F79992B6D}.Debug|Any CPU.ActiveCfg = Debug|Any CPU
		{B8729C42-C662-4CA8-8E3A-C99F79992B6D}.Debug|Any CPU.Build.0 = Debug|Any CPU
		{B8729C42-C662-4CA8-8E3A-C99F79992B6D}.Release|Any CPU.ActiveCfg = Release|Any CPU
		{B8729C42-C662-4CA8-8E3A-C99F79992B6D}.Release|Any CPU.Build.0 = Release|Any CPU
	EndGlobalSection
	GlobalSection(SolutionProperties) = preSolution
		HideSolutionNode = FALSE
	EndGlobalSection
	GlobalSection(ExtensibilityGlobals) = postSolution
		SolutionGuid = {32ACA4B2-B9C7-4FC7-987C-556102DC0C71}
	EndGlobalSection
EndGlobal
